
Microsoft Visual Studio Solution File, Format Version 12.00
# Visual Studio Version 17
VisualStudioVersion = 17.3.32929.385
MinimumVisualStudioVersion = 10.0.40219.1
Project("{2150E333-8FDC-42A3-9474-1A3956D46DE8}") = "Solution Items", "Solution Items", "{FC9A01B9-57E2-40F4-B503-2441379627BA}"
	ProjectSection(SolutionItems) = preProject
		Config.props = Config.props
	EndProjectSection
EndProject
Project("{9A19103F-16F7-4668-BE54-9A1E7A4F7556}") = "Skyve.App", "Skyve.App\Skyve.App.csproj", "{ABB03609-79E2-41BA-AD76-39A64906DCDD}"
EndProject
Project("{FAE04EC0-301F-11D3-BF4B-00C04F79EFBC}") = "SlickControls", "..\SlickControls\SlickControls.csproj", "{2C0E1D8A-6619-4116-98EE-3F9E6C937537}"
EndProject
Project("{FAE04EC0-301F-11D3-BF4B-00C04F79EFBC}") = "Extensions", "..\Extensions\Extensions\Extensions.csproj", "{50EA98FD-47B0-40BC-A51E-3DEFB2525F2C}"
EndProject
Project("{D954291E-2A0B-460D-934E-DC6B0785DB48}") = "Extensions.Sql", "..\Extensions\Extensions.Sql\Extensions.Sql.shproj", "{F37ECE4B-E1BB-4A75-97BA-FEF60F98CF96}"
EndProject
Project("{9A19103F-16F7-4668-BE54-9A1E7A4F7556}") = "Skyve.Domain", "Skyve.Domain\Skyve.Domain.csproj", "{0BBE911A-263C-4E57-A237-1311C2BB4D80}"
EndProject
Project("{9A19103F-16F7-4668-BE54-9A1E7A4F7556}") = "Skyve.Systems", "Skyve.Systems\Skyve.Systems.csproj", "{A7049A03-718E-4C9D-8A25-A4DAEDC80B11}"
EndProject
Project("{9A19103F-16F7-4668-BE54-9A1E7A4F7556}") = "Skyve.Systems.CS2", "..\Skyve-CS2\Skyve.Systems.CS2\Skyve.Systems.CS2.csproj", "{191FE2C7-9C4E-4EB3-A477-9271DB409ADD}"
EndProject
Project("{9A19103F-16F7-4668-BE54-9A1E7A4F7556}") = "Skyve.Domain.CS2", "..\Skyve-CS2\Skyve.Domain.CS2\Skyve.Domain.CS2.csproj", "{13767EC2-21A3-49AB-8D9C-0230BC0DDCE8}"
EndProject
Project("{9A19103F-16F7-4668-BE54-9A1E7A4F7556}") = "Skyve.App.CS2", "..\Skyve-CS2\Skyve.App.CS2\Skyve.App.CS2.csproj", "{FE5B456D-D146-4D5A-8C93-D46050C85F13}"
EndProject
Project("{9A19103F-16F7-4668-BE54-9A1E7A4F7556}") = "Skyve.Mod.CS2", "..\Skyve-CS2\Skyve.Mod.CS2\Skyve.Mod.CS2.csproj", "{4F47762D-B565-4126-B4A3-E9DE00CFC942}"
	ProjectSection(ProjectDependencies) = postProject
		{D53683FD-127F-40D9-9CCE-ACCFA981B180} = {D53683FD-127F-40D9-9CCE-ACCFA981B180}
		{F8A37FAA-86E0-4FB6-B034-36ACEA12EC19} = {F8A37FAA-86E0-4FB6-B034-36ACEA12EC19}
		{FE5B456D-D146-4D5A-8C93-D46050C85F13} = {FE5B456D-D146-4D5A-8C93-D46050C85F13}
	EndProjectSection
EndProject
Project("{2150E333-8FDC-42A3-9474-1A3956D46DE8}") = "Cities Skylines I", "Cities Skylines I", "{DD92502D-64F6-4006-B3FE-E62878D123C4}"
EndProject
Project("{2150E333-8FDC-42A3-9474-1A3956D46DE8}") = "Cities Skylines II", "Cities Skylines II", "{0161B4B2-9990-4303-B1B6-C1F75A4E3F1B}"
EndProject
Project("{9A19103F-16F7-4668-BE54-9A1E7A4F7556}") = "Skyve.App.CS1", "..\Skyve-CS1\Skyve.App.CS1\Skyve.App.CS1.csproj", "{81D2EF87-21FB-4CF1-9CD6-1A05A3F510F4}"
EndProject
Project("{9A19103F-16F7-4668-BE54-9A1E7A4F7556}") = "Skyve.Systems.CS1", "..\Skyve-CS1\Skyve.Systems.CS1\Skyve.Systems.CS1.csproj", "{AF1F40B2-4AF3-44F5-AB8B-88E98F33C328}"
EndProject
Project("{9A19103F-16F7-4668-BE54-9A1E7A4F7556}") = "Skyve.Domain.CS1", "..\Skyve-CS1\Skyve.Domain.CS1\Skyve.Domain.CS1.csproj", "{CCEF8571-EDBB-40CF-B393-CE6D12469B49}"
EndProject
Project("{9A19103F-16F7-4668-BE54-9A1E7A4F7556}") = "SkyveInjections", "..\Skyve-CS1\SkyveInjections\SkyveInjections.csproj", "{FD4C1283-14E0-4C87-AD25-EB8B059A35E8}"
EndProject
Project("{9A19103F-16F7-4668-BE54-9A1E7A4F7556}") = "SkyveIPatch", "..\Skyve-CS1\SkyveIPatch\SkyveIPatch.csproj", "{5924AC36-A9E7-4442-87D0-BB44AC3E76DB}"
EndProject
Project("{9A19103F-16F7-4668-BE54-9A1E7A4F7556}") = "SkyveMod", "..\Skyve-CS1\SkyveMod\SkyveMod.csproj", "{290A11D1-7A20-4AA9-A5BD-DA8C4A60155C}"
EndProject
Project("{2150E333-8FDC-42A3-9474-1A3956D46DE8}") = "Skyve", "Skyve", "{36F90310-EACD-4028-B3EE-5C5E766C530B}"
EndProject
Project("{FAE04EC0-301F-11D3-BF4B-00C04F79EFBC}") = "AssemblyResolver", "AssemblyResolver\AssemblyResolver.csproj", "{00D6D8F2-A392-4E8D-870A-775193BEB042}"
EndProject
Project("{9A19103F-16F7-4668-BE54-9A1E7A4F7556}") = "Skyve.App.CS2.Installer", "..\Skyve-CS2\Skyve.App.CS2.Installer\Skyve.App.CS2.Installer.csproj", "{D53683FD-127F-40D9-9CCE-ACCFA981B180}"
	ProjectSection(ProjectDependencies) = postProject
		{F8A37FAA-86E0-4FB6-B034-36ACEA12EC19} = {F8A37FAA-86E0-4FB6-B034-36ACEA12EC19}
		{FE5B456D-D146-4D5A-8C93-D46050C85F13} = {FE5B456D-D146-4D5A-8C93-D46050C85F13}
	EndProjectSection
EndProject
Project("{2150E333-8FDC-42A3-9474-1A3956D46DE8}") = "Skyve API", "Skyve API", "{AD05B375-E937-4CC5-8698-E0AEAB853F67}"
EndProject
Project("{9A19103F-16F7-4668-BE54-9A1E7A4F7556}") = "Skyve-Api", "..\Skyve-Api\Api\Skyve-Api.csproj", "{71383004-4608-47EF-ACD2-0F4FD3CC5574}"
EndProject
Project("{9A19103F-16F7-4668-BE54-9A1E7A4F7556}") = "Skyve-Api Domain", "..\Skyve-Api\Domain\Skyve-Api Domain.csproj", "{37C79A85-745D-46F4-B93D-52392EC59822}"
EndProject
Project("{9A19103F-16F7-4668-BE54-9A1E7A4F7556}") = "Skyve.Compatibility", "Skyve.Compatibility\Skyve.Compatibility.csproj", "{E6B86E9F-B8A9-4A89-A09F-B9BAAAAF3896}"
EndProject
Project("{9A19103F-16F7-4668-BE54-9A1E7A4F7556}") = "Skyve.Service.CS2", "..\Skyve-CS2\Skyve.Service.CS2\Skyve.Service.CS2.csproj", "{F8A37FAA-86E0-4FB6-B034-36ACEA12EC19}"
EndProject
Project("{2150E333-8FDC-42A3-9474-1A3956D46DE8}") = "PDX SDK", "PDX SDK", "{02EA681E-C7D8-13C7-8484-4AC65E1B71E8}"
EndProject
Project("{FAE04EC0-301F-11D3-BF4B-00C04F79EFBC}") = "PDX.SDK", "..\pdx-sdk-csharp\src\PDX.SDK\PDX.SDK.csproj", "{B991003B-BAF4-3AAA-7E3B-AC48B4B4B4B2}"
EndProject
Project("{FAE04EC0-301F-11D3-BF4B-00C04F79EFBC}") = "PDX.SDK.Contracts", "..\pdx-sdk-csharp\src\PDX.SDK.Contracts\PDX.SDK.Contracts.csproj", "{D0D95A8A-7CFD-A686-4BDB-15AE32F44C68}"
EndProject
Project("{FAE04EC0-301F-11D3-BF4B-00C04F79EFBC}") = "PDX.SDK.Network", "..\pdx-sdk-csharp\src\PDX.SDK.Network\PDX.SDK.Network.csproj", "{F434E30D-B211-C1D0-AD14-38F2E1DDF85E}"
EndProject
Project("{FAE04EC0-301F-11D3-BF4B-00C04F79EFBC}") = "External", "..\pdx-sdk-csharp\src\external\External.csproj", "{F873E917-4B25-A2DB-496E-FB0F77F9301A}"
EndProject
Global
	GlobalSection(SolutionConfigurationPlatforms) = preSolution
		API Deploy|Any CPU = API Deploy|Any CPU
		API|Any CPU = API|Any CPU
		CS1 Debug|Any CPU = CS1 Debug|Any CPU
		CS1 Release|Any CPU = CS1 Release|Any CPU
		CS1 Stable|Any CPU = CS1 Stable|Any CPU
		CS2 Debug|Any CPU = CS2 Debug|Any CPU
		CS2 Release|Any CPU = CS2 Release|Any CPU
		CS2 Stable|Any CPU = CS2 Stable|Any CPU
		CS2 Steam|Any CPU = CS2 Steam|Any CPU
		Debug|Any CPU = Debug|Any CPU
		Release|Any CPU = Release|Any CPU
	EndGlobalSection
	GlobalSection(ProjectConfigurationPlatforms) = postSolution
		{ABB03609-79E2-41BA-AD76-39A64906DCDD}.API Deploy|Any CPU.ActiveCfg = API Stable|Any CPU
		{ABB03609-79E2-41BA-AD76-39A64906DCDD}.API|Any CPU.ActiveCfg = API Debug|Any CPU
		{ABB03609-79E2-41BA-AD76-39A64906DCDD}.CS1 Debug|Any CPU.ActiveCfg = CS1 Debug|Any CPU
		{ABB03609-79E2-41BA-AD76-39A64906DCDD}.CS1 Debug|Any CPU.Build.0 = CS1 Debug|Any CPU
		{ABB03609-79E2-41BA-AD76-39A64906DCDD}.CS1 Release|Any CPU.ActiveCfg = CS1 Release|Any CPU
		{ABB03609-79E2-41BA-AD76-39A64906DCDD}.CS1 Release|Any CPU.Build.0 = CS1 Release|Any CPU
		{ABB03609-79E2-41BA-AD76-39A64906DCDD}.CS1 Stable|Any CPU.ActiveCfg = CS1 Stable|Any CPU
		{ABB03609-79E2-41BA-AD76-39A64906DCDD}.CS1 Stable|Any CPU.Build.0 = CS1 Stable|Any CPU
		{ABB03609-79E2-41BA-AD76-39A64906DCDD}.CS2 Debug|Any CPU.ActiveCfg = CS2 Debug|Any CPU
		{ABB03609-79E2-41BA-AD76-39A64906DCDD}.CS2 Debug|Any CPU.Build.0 = CS2 Debug|Any CPU
		{ABB03609-79E2-41BA-AD76-39A64906DCDD}.CS2 Release|Any CPU.ActiveCfg = CS2 Release|Any CPU
		{ABB03609-79E2-41BA-AD76-39A64906DCDD}.CS2 Release|Any CPU.Build.0 = CS2 Release|Any CPU
		{ABB03609-79E2-41BA-AD76-39A64906DCDD}.CS2 Stable|Any CPU.ActiveCfg = CS2 Stable|Any CPU
		{ABB03609-79E2-41BA-AD76-39A64906DCDD}.CS2 Stable|Any CPU.Build.0 = CS2 Stable|Any CPU
		{ABB03609-79E2-41BA-AD76-39A64906DCDD}.CS2 Steam|Any CPU.ActiveCfg = CS2 Steam|Any CPU
		{ABB03609-79E2-41BA-AD76-39A64906DCDD}.CS2 Steam|Any CPU.Build.0 = CS2 Steam|Any CPU
		{ABB03609-79E2-41BA-AD76-39A64906DCDD}.Debug|Any CPU.ActiveCfg = CS2 Debug|Any CPU
		{ABB03609-79E2-41BA-AD76-39A64906DCDD}.Debug|Any CPU.Build.0 = CS2 Debug|Any CPU
		{ABB03609-79E2-41BA-AD76-39A64906DCDD}.Release|Any CPU.ActiveCfg = CS2 Release|Any CPU
		{ABB03609-79E2-41BA-AD76-39A64906DCDD}.Release|Any CPU.Build.0 = CS2 Release|Any CPU
		{2C0E1D8A-6619-4116-98EE-3F9E6C937537}.API Deploy|Any CPU.ActiveCfg = Stable|Any CPU
		{2C0E1D8A-6619-4116-98EE-3F9E6C937537}.API|Any CPU.ActiveCfg = Debug|Any CPU
		{2C0E1D8A-6619-4116-98EE-3F9E6C937537}.CS1 Debug|Any CPU.ActiveCfg = CS1 Debug|Any CPU
		{2C0E1D8A-6619-4116-98EE-3F9E6C937537}.CS1 Debug|Any CPU.Build.0 = CS1 Debug|Any CPU
		{2C0E1D8A-6619-4116-98EE-3F9E6C937537}.CS1 Release|Any CPU.ActiveCfg = Release|Any CPU
		{2C0E1D8A-6619-4116-98EE-3F9E6C937537}.CS1 Release|Any CPU.Build.0 = Release|Any CPU
		{2C0E1D8A-6619-4116-98EE-3F9E6C937537}.CS1 Stable|Any CPU.ActiveCfg = Stable|Any CPU
		{2C0E1D8A-6619-4116-98EE-3F9E6C937537}.CS1 Stable|Any CPU.Build.0 = Stable|Any CPU
		{2C0E1D8A-6619-4116-98EE-3F9E6C937537}.CS2 Debug|Any CPU.ActiveCfg = Debug|Any CPU
		{2C0E1D8A-6619-4116-98EE-3F9E6C937537}.CS2 Debug|Any CPU.Build.0 = Debug|Any CPU
		{2C0E1D8A-6619-4116-98EE-3F9E6C937537}.CS2 Release|Any CPU.ActiveCfg = Release|Any CPU
		{2C0E1D8A-6619-4116-98EE-3F9E6C937537}.CS2 Release|Any CPU.Build.0 = Release|Any CPU
		{2C0E1D8A-6619-4116-98EE-3F9E6C937537}.CS2 Stable|Any CPU.ActiveCfg = Stable|Any CPU
		{2C0E1D8A-6619-4116-98EE-3F9E6C937537}.CS2 Stable|Any CPU.Build.0 = Stable|Any CPU
		{2C0E1D8A-6619-4116-98EE-3F9E6C937537}.CS2 Steam|Any CPU.ActiveCfg = Stable|Any CPU
		{2C0E1D8A-6619-4116-98EE-3F9E6C937537}.CS2 Steam|Any CPU.Build.0 = Stable|Any CPU
		{2C0E1D8A-6619-4116-98EE-3F9E6C937537}.Debug|Any CPU.ActiveCfg = Debug|Any CPU
		{2C0E1D8A-6619-4116-98EE-3F9E6C937537}.Debug|Any CPU.Build.0 = Debug|Any CPU
		{2C0E1D8A-6619-4116-98EE-3F9E6C937537}.Release|Any CPU.ActiveCfg = Release|Any CPU
		{2C0E1D8A-6619-4116-98EE-3F9E6C937537}.Release|Any CPU.Build.0 = Release|Any CPU
		{50EA98FD-47B0-40BC-A51E-3DEFB2525F2C}.API Deploy|Any CPU.ActiveCfg = Stable|Any CPU
		{50EA98FD-47B0-40BC-A51E-3DEFB2525F2C}.API Deploy|Any CPU.Build.0 = Stable|Any CPU
		{50EA98FD-47B0-40BC-A51E-3DEFB2525F2C}.API|Any CPU.ActiveCfg = Debug|Any CPU
		{50EA98FD-47B0-40BC-A51E-3DEFB2525F2C}.API|Any CPU.Build.0 = Debug|Any CPU
		{50EA98FD-47B0-40BC-A51E-3DEFB2525F2C}.CS1 Debug|Any CPU.ActiveCfg = Debug|Any CPU
		{50EA98FD-47B0-40BC-A51E-3DEFB2525F2C}.CS1 Debug|Any CPU.Build.0 = Debug|Any CPU
		{50EA98FD-47B0-40BC-A51E-3DEFB2525F2C}.CS1 Release|Any CPU.ActiveCfg = Release|Any CPU
		{50EA98FD-47B0-40BC-A51E-3DEFB2525F2C}.CS1 Release|Any CPU.Build.0 = Release|Any CPU
		{50EA98FD-47B0-40BC-A51E-3DEFB2525F2C}.CS1 Stable|Any CPU.ActiveCfg = Stable|Any CPU
		{50EA98FD-47B0-40BC-A51E-3DEFB2525F2C}.CS1 Stable|Any CPU.Build.0 = Stable|Any CPU
		{50EA98FD-47B0-40BC-A51E-3DEFB2525F2C}.CS2 Debug|Any CPU.ActiveCfg = Debug|Any CPU
		{50EA98FD-47B0-40BC-A51E-3DEFB2525F2C}.CS2 Debug|Any CPU.Build.0 = Debug|Any CPU
		{50EA98FD-47B0-40BC-A51E-3DEFB2525F2C}.CS2 Release|Any CPU.ActiveCfg = Release|Any CPU
		{50EA98FD-47B0-40BC-A51E-3DEFB2525F2C}.CS2 Release|Any CPU.Build.0 = Release|Any CPU
		{50EA98FD-47B0-40BC-A51E-3DEFB2525F2C}.CS2 Stable|Any CPU.ActiveCfg = Stable|Any CPU
		{50EA98FD-47B0-40BC-A51E-3DEFB2525F2C}.CS2 Stable|Any CPU.Build.0 = Stable|Any CPU
		{50EA98FD-47B0-40BC-A51E-3DEFB2525F2C}.CS2 Steam|Any CPU.ActiveCfg = Stable|Any CPU
		{50EA98FD-47B0-40BC-A51E-3DEFB2525F2C}.CS2 Steam|Any CPU.Build.0 = Stable|Any CPU
		{50EA98FD-47B0-40BC-A51E-3DEFB2525F2C}.Debug|Any CPU.ActiveCfg = Debug|Any CPU
		{50EA98FD-47B0-40BC-A51E-3DEFB2525F2C}.Debug|Any CPU.Build.0 = Debug|Any CPU
		{50EA98FD-47B0-40BC-A51E-3DEFB2525F2C}.Release|Any CPU.ActiveCfg = Release|Any CPU
		{50EA98FD-47B0-40BC-A51E-3DEFB2525F2C}.Release|Any CPU.Build.0 = Release|Any CPU
		{0BBE911A-263C-4E57-A237-1311C2BB4D80}.API Deploy|Any CPU.ActiveCfg = API Stable|Any CPU
		{0BBE911A-263C-4E57-A237-1311C2BB4D80}.API Deploy|Any CPU.Build.0 = API Stable|Any CPU
		{0BBE911A-263C-4E57-A237-1311C2BB4D80}.API|Any CPU.ActiveCfg = API Debug|Any CPU
		{0BBE911A-263C-4E57-A237-1311C2BB4D80}.API|Any CPU.Build.0 = API Debug|Any CPU
		{0BBE911A-263C-4E57-A237-1311C2BB4D80}.CS1 Debug|Any CPU.ActiveCfg = CS1 Debug|Any CPU
		{0BBE911A-263C-4E57-A237-1311C2BB4D80}.CS1 Debug|Any CPU.Build.0 = CS1 Debug|Any CPU
		{0BBE911A-263C-4E57-A237-1311C2BB4D80}.CS1 Release|Any CPU.ActiveCfg = CS1 Release|Any CPU
		{0BBE911A-263C-4E57-A237-1311C2BB4D80}.CS1 Release|Any CPU.Build.0 = CS1 Release|Any CPU
		{0BBE911A-263C-4E57-A237-1311C2BB4D80}.CS1 Stable|Any CPU.ActiveCfg = CS1 Stable|Any CPU
		{0BBE911A-263C-4E57-A237-1311C2BB4D80}.CS1 Stable|Any CPU.Build.0 = CS1 Stable|Any CPU
		{0BBE911A-263C-4E57-A237-1311C2BB4D80}.CS2 Debug|Any CPU.ActiveCfg = CS2 Debug|Any CPU
		{0BBE911A-263C-4E57-A237-1311C2BB4D80}.CS2 Debug|Any CPU.Build.0 = CS2 Debug|Any CPU
		{0BBE911A-263C-4E57-A237-1311C2BB4D80}.CS2 Release|Any CPU.ActiveCfg = CS2 Release|Any CPU
		{0BBE911A-263C-4E57-A237-1311C2BB4D80}.CS2 Release|Any CPU.Build.0 = CS2 Release|Any CPU
		{0BBE911A-263C-4E57-A237-1311C2BB4D80}.CS2 Stable|Any CPU.ActiveCfg = CS2 Stable|Any CPU
		{0BBE911A-263C-4E57-A237-1311C2BB4D80}.CS2 Stable|Any CPU.Build.0 = CS2 Stable|Any CPU
		{0BBE911A-263C-4E57-A237-1311C2BB4D80}.CS2 Steam|Any CPU.ActiveCfg = CS2 Steam|Any CPU
		{0BBE911A-263C-4E57-A237-1311C2BB4D80}.CS2 Steam|Any CPU.Build.0 = CS2 Steam|Any CPU
		{0BBE911A-263C-4E57-A237-1311C2BB4D80}.Debug|Any CPU.ActiveCfg = CS2 Debug|Any CPU
		{0BBE911A-263C-4E57-A237-1311C2BB4D80}.Debug|Any CPU.Build.0 = CS2 Debug|Any CPU
		{0BBE911A-263C-4E57-A237-1311C2BB4D80}.Release|Any CPU.ActiveCfg = CS2 Release|Any CPU
		{0BBE911A-263C-4E57-A237-1311C2BB4D80}.Release|Any CPU.Build.0 = CS2 Release|Any CPU
		{A7049A03-718E-4C9D-8A25-A4DAEDC80B11}.API Deploy|Any CPU.ActiveCfg = API Stable|Any CPU
		{A7049A03-718E-4C9D-8A25-A4DAEDC80B11}.API|Any CPU.ActiveCfg = API Debug|Any CPU
		{A7049A03-718E-4C9D-8A25-A4DAEDC80B11}.CS1 Debug|Any CPU.ActiveCfg = CS1 Debug|Any CPU
		{A7049A03-718E-4C9D-8A25-A4DAEDC80B11}.CS1 Debug|Any CPU.Build.0 = CS1 Debug|Any CPU
		{A7049A03-718E-4C9D-8A25-A4DAEDC80B11}.CS1 Release|Any CPU.ActiveCfg = CS1 Release|Any CPU
		{A7049A03-718E-4C9D-8A25-A4DAEDC80B11}.CS1 Release|Any CPU.Build.0 = CS1 Release|Any CPU
		{A7049A03-718E-4C9D-8A25-A4DAEDC80B11}.CS1 Stable|Any CPU.ActiveCfg = CS1 Stable|Any CPU
		{A7049A03-718E-4C9D-8A25-A4DAEDC80B11}.CS1 Stable|Any CPU.Build.0 = CS1 Stable|Any CPU
		{A7049A03-718E-4C9D-8A25-A4DAEDC80B11}.CS2 Debug|Any CPU.ActiveCfg = CS2 Debug|Any CPU
		{A7049A03-718E-4C9D-8A25-A4DAEDC80B11}.CS2 Debug|Any CPU.Build.0 = CS2 Debug|Any CPU
		{A7049A03-718E-4C9D-8A25-A4DAEDC80B11}.CS2 Release|Any CPU.ActiveCfg = CS2 Release|Any CPU
		{A7049A03-718E-4C9D-8A25-A4DAEDC80B11}.CS2 Release|Any CPU.Build.0 = CS2 Release|Any CPU
		{A7049A03-718E-4C9D-8A25-A4DAEDC80B11}.CS2 Stable|Any CPU.ActiveCfg = CS2 Stable|Any CPU
		{A7049A03-718E-4C9D-8A25-A4DAEDC80B11}.CS2 Stable|Any CPU.Build.0 = CS2 Stable|Any CPU
		{A7049A03-718E-4C9D-8A25-A4DAEDC80B11}.CS2 Steam|Any CPU.ActiveCfg = CS2 Steam|Any CPU
		{A7049A03-718E-4C9D-8A25-A4DAEDC80B11}.CS2 Steam|Any CPU.Build.0 = CS2 Steam|Any CPU
		{A7049A03-718E-4C9D-8A25-A4DAEDC80B11}.Debug|Any CPU.ActiveCfg = CS2 Debug|Any CPU
		{A7049A03-718E-4C9D-8A25-A4DAEDC80B11}.Debug|Any CPU.Build.0 = CS2 Debug|Any CPU
		{A7049A03-718E-4C9D-8A25-A4DAEDC80B11}.Release|Any CPU.ActiveCfg = CS2 Release|Any CPU
		{A7049A03-718E-4C9D-8A25-A4DAEDC80B11}.Release|Any CPU.Build.0 = CS2 Release|Any CPU
		{191FE2C7-9C4E-4EB3-A477-9271DB409ADD}.API Deploy|Any CPU.ActiveCfg = API Stable|Any CPU
		{191FE2C7-9C4E-4EB3-A477-9271DB409ADD}.API|Any CPU.ActiveCfg = API Debug|Any CPU
		{191FE2C7-9C4E-4EB3-A477-9271DB409ADD}.CS1 Debug|Any CPU.ActiveCfg = CS1 Debug|Any CPU
		{191FE2C7-9C4E-4EB3-A477-9271DB409ADD}.CS1 Release|Any CPU.ActiveCfg = CS1 Release|Any CPU
		{191FE2C7-9C4E-4EB3-A477-9271DB409ADD}.CS1 Stable|Any CPU.ActiveCfg = CS1 Stable|Any CPU
		{191FE2C7-9C4E-4EB3-A477-9271DB409ADD}.CS2 Debug|Any CPU.ActiveCfg = CS2 Debug|Any CPU
		{191FE2C7-9C4E-4EB3-A477-9271DB409ADD}.CS2 Debug|Any CPU.Build.0 = CS2 Debug|Any CPU
		{191FE2C7-9C4E-4EB3-A477-9271DB409ADD}.CS2 Release|Any CPU.ActiveCfg = CS2 Release|Any CPU
		{191FE2C7-9C4E-4EB3-A477-9271DB409ADD}.CS2 Release|Any CPU.Build.0 = CS2 Release|Any CPU
		{191FE2C7-9C4E-4EB3-A477-9271DB409ADD}.CS2 Stable|Any CPU.ActiveCfg = CS2 Stable|Any CPU
		{191FE2C7-9C4E-4EB3-A477-9271DB409ADD}.CS2 Stable|Any CPU.Build.0 = CS2 Stable|Any CPU
		{191FE2C7-9C4E-4EB3-A477-9271DB409ADD}.CS2 Steam|Any CPU.ActiveCfg = CS2 Steam|Any CPU
		{191FE2C7-9C4E-4EB3-A477-9271DB409ADD}.CS2 Steam|Any CPU.Build.0 = CS2 Steam|Any CPU
		{191FE2C7-9C4E-4EB3-A477-9271DB409ADD}.Debug|Any CPU.ActiveCfg = CS2 Debug|Any CPU
		{191FE2C7-9C4E-4EB3-A477-9271DB409ADD}.Debug|Any CPU.Build.0 = CS2 Debug|Any CPU
		{191FE2C7-9C4E-4EB3-A477-9271DB409ADD}.Release|Any CPU.ActiveCfg = CS2 Release|Any CPU
		{191FE2C7-9C4E-4EB3-A477-9271DB409ADD}.Release|Any CPU.Build.0 = CS2 Release|Any CPU
		{13767EC2-21A3-49AB-8D9C-0230BC0DDCE8}.API Deploy|Any CPU.ActiveCfg = API Stable|Any CPU
		{13767EC2-21A3-49AB-8D9C-0230BC0DDCE8}.API|Any CPU.ActiveCfg = API Debug|Any CPU
		{13767EC2-21A3-49AB-8D9C-0230BC0DDCE8}.CS1 Debug|Any CPU.ActiveCfg = CS1 Debug|Any CPU
		{13767EC2-21A3-49AB-8D9C-0230BC0DDCE8}.CS1 Release|Any CPU.ActiveCfg = CS1 Release|Any CPU
		{13767EC2-21A3-49AB-8D9C-0230BC0DDCE8}.CS1 Stable|Any CPU.ActiveCfg = CS1 Stable|Any CPU
		{13767EC2-21A3-49AB-8D9C-0230BC0DDCE8}.CS2 Debug|Any CPU.ActiveCfg = CS2 Debug|Any CPU
		{13767EC2-21A3-49AB-8D9C-0230BC0DDCE8}.CS2 Debug|Any CPU.Build.0 = CS2 Debug|Any CPU
		{13767EC2-21A3-49AB-8D9C-0230BC0DDCE8}.CS2 Release|Any CPU.ActiveCfg = CS2 Release|Any CPU
		{13767EC2-21A3-49AB-8D9C-0230BC0DDCE8}.CS2 Release|Any CPU.Build.0 = CS2 Release|Any CPU
		{13767EC2-21A3-49AB-8D9C-0230BC0DDCE8}.CS2 Stable|Any CPU.ActiveCfg = CS2 Stable|Any CPU
		{13767EC2-21A3-49AB-8D9C-0230BC0DDCE8}.CS2 Stable|Any CPU.Build.0 = CS2 Stable|Any CPU
		{13767EC2-21A3-49AB-8D9C-0230BC0DDCE8}.CS2 Steam|Any CPU.ActiveCfg = CS2 Steam|Any CPU
		{13767EC2-21A3-49AB-8D9C-0230BC0DDCE8}.CS2 Steam|Any CPU.Build.0 = CS2 Steam|Any CPU
		{13767EC2-21A3-49AB-8D9C-0230BC0DDCE8}.Debug|Any CPU.ActiveCfg = CS2 Debug|Any CPU
		{13767EC2-21A3-49AB-8D9C-0230BC0DDCE8}.Debug|Any CPU.Build.0 = CS2 Debug|Any CPU
		{13767EC2-21A3-49AB-8D9C-0230BC0DDCE8}.Release|Any CPU.ActiveCfg = CS2 Release|Any CPU
		{13767EC2-21A3-49AB-8D9C-0230BC0DDCE8}.Release|Any CPU.Build.0 = CS2 Release|Any CPU
		{FE5B456D-D146-4D5A-8C93-D46050C85F13}.API Deploy|Any CPU.ActiveCfg = API Stable|Any CPU
		{FE5B456D-D146-4D5A-8C93-D46050C85F13}.API|Any CPU.ActiveCfg = API Debug|Any CPU
		{FE5B456D-D146-4D5A-8C93-D46050C85F13}.CS1 Debug|Any CPU.ActiveCfg = CS1 Debug|Any CPU
		{FE5B456D-D146-4D5A-8C93-D46050C85F13}.CS1 Release|Any CPU.ActiveCfg = CS1 Release|Any CPU
		{FE5B456D-D146-4D5A-8C93-D46050C85F13}.CS1 Stable|Any CPU.ActiveCfg = CS1 Stable|Any CPU
		{FE5B456D-D146-4D5A-8C93-D46050C85F13}.CS2 Debug|Any CPU.ActiveCfg = CS2 Debug|Any CPU
		{FE5B456D-D146-4D5A-8C93-D46050C85F13}.CS2 Debug|Any CPU.Build.0 = CS2 Debug|Any CPU
		{FE5B456D-D146-4D5A-8C93-D46050C85F13}.CS2 Release|Any CPU.ActiveCfg = CS2 Release|Any CPU
		{FE5B456D-D146-4D5A-8C93-D46050C85F13}.CS2 Release|Any CPU.Build.0 = CS2 Release|Any CPU
		{FE5B456D-D146-4D5A-8C93-D46050C85F13}.CS2 Stable|Any CPU.ActiveCfg = CS2 Stable|Any CPU
		{FE5B456D-D146-4D5A-8C93-D46050C85F13}.CS2 Stable|Any CPU.Build.0 = CS2 Stable|Any CPU
		{FE5B456D-D146-4D5A-8C93-D46050C85F13}.CS2 Steam|Any CPU.ActiveCfg = CS2 Steam|Any CPU
		{FE5B456D-D146-4D5A-8C93-D46050C85F13}.CS2 Steam|Any CPU.Build.0 = CS2 Steam|Any CPU
		{FE5B456D-D146-4D5A-8C93-D46050C85F13}.Debug|Any CPU.ActiveCfg = CS2 Debug|Any CPU
		{FE5B456D-D146-4D5A-8C93-D46050C85F13}.Debug|Any CPU.Build.0 = CS2 Debug|Any CPU
		{FE5B456D-D146-4D5A-8C93-D46050C85F13}.Release|Any CPU.ActiveCfg = CS2 Release|Any CPU
		{FE5B456D-D146-4D5A-8C93-D46050C85F13}.Release|Any CPU.Build.0 = CS2 Release|Any CPU
		{4F47762D-B565-4126-B4A3-E9DE00CFC942}.API Deploy|Any CPU.ActiveCfg = API Stable|Any CPU
		{4F47762D-B565-4126-B4A3-E9DE00CFC942}.API|Any CPU.ActiveCfg = API Debug|Any CPU
		{4F47762D-B565-4126-B4A3-E9DE00CFC942}.CS1 Debug|Any CPU.ActiveCfg = CS1 Debug|Any CPU
		{4F47762D-B565-4126-B4A3-E9DE00CFC942}.CS1 Release|Any CPU.ActiveCfg = CS1 Release|Any CPU
		{4F47762D-B565-4126-B4A3-E9DE00CFC942}.CS1 Stable|Any CPU.ActiveCfg = CS1 Stable|Any CPU
		{4F47762D-B565-4126-B4A3-E9DE00CFC942}.CS2 Debug|Any CPU.ActiveCfg = CS2 Debug|Any CPU
		{4F47762D-B565-4126-B4A3-E9DE00CFC942}.CS2 Debug|Any CPU.Build.0 = CS2 Debug|Any CPU
		{4F47762D-B565-4126-B4A3-E9DE00CFC942}.CS2 Release|Any CPU.ActiveCfg = CS2 Release|Any CPU
		{4F47762D-B565-4126-B4A3-E9DE00CFC942}.CS2 Release|Any CPU.Build.0 = CS2 Release|Any CPU
		{4F47762D-B565-4126-B4A3-E9DE00CFC942}.CS2 Stable|Any CPU.ActiveCfg = CS2 Stable|Any CPU
		{4F47762D-B565-4126-B4A3-E9DE00CFC942}.CS2 Stable|Any CPU.Build.0 = CS2 Stable|Any CPU
		{4F47762D-B565-4126-B4A3-E9DE00CFC942}.CS2 Steam|Any CPU.ActiveCfg = CS2 Steam|Any CPU
		{4F47762D-B565-4126-B4A3-E9DE00CFC942}.CS2 Steam|Any CPU.Build.0 = CS2 Steam|Any CPU
		{4F47762D-B565-4126-B4A3-E9DE00CFC942}.Debug|Any CPU.ActiveCfg = CS2 Debug|Any CPU
		{4F47762D-B565-4126-B4A3-E9DE00CFC942}.Debug|Any CPU.Build.0 = CS2 Debug|Any CPU
		{4F47762D-B565-4126-B4A3-E9DE00CFC942}.Release|Any CPU.ActiveCfg = CS2 Release|Any CPU
		{4F47762D-B565-4126-B4A3-E9DE00CFC942}.Release|Any CPU.Build.0 = CS2 Release|Any CPU
		{81D2EF87-21FB-4CF1-9CD6-1A05A3F510F4}.API Deploy|Any CPU.ActiveCfg = API Stable|Any CPU
		{81D2EF87-21FB-4CF1-9CD6-1A05A3F510F4}.API|Any CPU.ActiveCfg = API Debug|Any CPU
		{81D2EF87-21FB-4CF1-9CD6-1A05A3F510F4}.CS1 Debug|Any CPU.ActiveCfg = CS1 Debug|Any CPU
		{81D2EF87-21FB-4CF1-9CD6-1A05A3F510F4}.CS1 Debug|Any CPU.Build.0 = CS1 Debug|Any CPU
		{81D2EF87-21FB-4CF1-9CD6-1A05A3F510F4}.CS1 Release|Any CPU.ActiveCfg = CS1 Release|Any CPU
		{81D2EF87-21FB-4CF1-9CD6-1A05A3F510F4}.CS1 Release|Any CPU.Build.0 = CS1 Release|Any CPU
		{81D2EF87-21FB-4CF1-9CD6-1A05A3F510F4}.CS1 Stable|Any CPU.ActiveCfg = CS1 Stable|Any CPU
		{81D2EF87-21FB-4CF1-9CD6-1A05A3F510F4}.CS1 Stable|Any CPU.Build.0 = CS1 Stable|Any CPU
		{81D2EF87-21FB-4CF1-9CD6-1A05A3F510F4}.CS2 Debug|Any CPU.ActiveCfg = CS2 Debug|Any CPU
		{81D2EF87-21FB-4CF1-9CD6-1A05A3F510F4}.CS2 Release|Any CPU.ActiveCfg = CS2 Release|Any CPU
		{81D2EF87-21FB-4CF1-9CD6-1A05A3F510F4}.CS2 Stable|Any CPU.ActiveCfg = CS2 Stable|Any CPU
		{81D2EF87-21FB-4CF1-9CD6-1A05A3F510F4}.CS2 Steam|Any CPU.ActiveCfg = CS2 Steam|Any CPU
		{81D2EF87-21FB-4CF1-9CD6-1A05A3F510F4}.Debug|Any CPU.ActiveCfg = CS2 Debug|Any CPU
		{81D2EF87-21FB-4CF1-9CD6-1A05A3F510F4}.Debug|Any CPU.Build.0 = CS2 Debug|Any CPU
		{81D2EF87-21FB-4CF1-9CD6-1A05A3F510F4}.Release|Any CPU.ActiveCfg = CS2 Release|Any CPU
		{81D2EF87-21FB-4CF1-9CD6-1A05A3F510F4}.Release|Any CPU.Build.0 = CS2 Release|Any CPU
		{AF1F40B2-4AF3-44F5-AB8B-88E98F33C328}.API Deploy|Any CPU.ActiveCfg = API Stable|Any CPU
		{AF1F40B2-4AF3-44F5-AB8B-88E98F33C328}.API|Any CPU.ActiveCfg = API Debug|Any CPU
		{AF1F40B2-4AF3-44F5-AB8B-88E98F33C328}.CS1 Debug|Any CPU.ActiveCfg = CS1 Debug|Any CPU
		{AF1F40B2-4AF3-44F5-AB8B-88E98F33C328}.CS1 Debug|Any CPU.Build.0 = CS1 Debug|Any CPU
		{AF1F40B2-4AF3-44F5-AB8B-88E98F33C328}.CS1 Release|Any CPU.ActiveCfg = CS1 Release|Any CPU
		{AF1F40B2-4AF3-44F5-AB8B-88E98F33C328}.CS1 Release|Any CPU.Build.0 = CS1 Release|Any CPU
		{AF1F40B2-4AF3-44F5-AB8B-88E98F33C328}.CS1 Stable|Any CPU.ActiveCfg = CS1 Stable|Any CPU
		{AF1F40B2-4AF3-44F5-AB8B-88E98F33C328}.CS1 Stable|Any CPU.Build.0 = CS1 Stable|Any CPU
		{AF1F40B2-4AF3-44F5-AB8B-88E98F33C328}.CS2 Debug|Any CPU.ActiveCfg = CS2 Debug|Any CPU
		{AF1F40B2-4AF3-44F5-AB8B-88E98F33C328}.CS2 Release|Any CPU.ActiveCfg = CS2 Release|Any CPU
		{AF1F40B2-4AF3-44F5-AB8B-88E98F33C328}.CS2 Stable|Any CPU.ActiveCfg = CS2 Stable|Any CPU
		{AF1F40B2-4AF3-44F5-AB8B-88E98F33C328}.CS2 Steam|Any CPU.ActiveCfg = CS2 Steam|Any CPU
		{AF1F40B2-4AF3-44F5-AB8B-88E98F33C328}.Debug|Any CPU.ActiveCfg = CS2 Debug|Any CPU
		{AF1F40B2-4AF3-44F5-AB8B-88E98F33C328}.Debug|Any CPU.Build.0 = CS2 Debug|Any CPU
		{AF1F40B2-4AF3-44F5-AB8B-88E98F33C328}.Release|Any CPU.ActiveCfg = CS2 Release|Any CPU
		{AF1F40B2-4AF3-44F5-AB8B-88E98F33C328}.Release|Any CPU.Build.0 = CS2 Release|Any CPU
		{CCEF8571-EDBB-40CF-B393-CE6D12469B49}.API Deploy|Any CPU.ActiveCfg = API Stable|Any CPU
		{CCEF8571-EDBB-40CF-B393-CE6D12469B49}.API|Any CPU.ActiveCfg = API Debug|Any CPU
		{CCEF8571-EDBB-40CF-B393-CE6D12469B49}.CS1 Debug|Any CPU.ActiveCfg = CS1 Debug|Any CPU
		{CCEF8571-EDBB-40CF-B393-CE6D12469B49}.CS1 Debug|Any CPU.Build.0 = CS1 Debug|Any CPU
		{CCEF8571-EDBB-40CF-B393-CE6D12469B49}.CS1 Release|Any CPU.ActiveCfg = CS1 Release|Any CPU
		{CCEF8571-EDBB-40CF-B393-CE6D12469B49}.CS1 Release|Any CPU.Build.0 = CS1 Release|Any CPU
		{CCEF8571-EDBB-40CF-B393-CE6D12469B49}.CS1 Stable|Any CPU.ActiveCfg = CS1 Stable|Any CPU
		{CCEF8571-EDBB-40CF-B393-CE6D12469B49}.CS1 Stable|Any CPU.Build.0 = CS1 Stable|Any CPU
		{CCEF8571-EDBB-40CF-B393-CE6D12469B49}.CS2 Debug|Any CPU.ActiveCfg = CS2 Debug|Any CPU
		{CCEF8571-EDBB-40CF-B393-CE6D12469B49}.CS2 Release|Any CPU.ActiveCfg = CS2 Release|Any CPU
		{CCEF8571-EDBB-40CF-B393-CE6D12469B49}.CS2 Stable|Any CPU.ActiveCfg = CS2 Stable|Any CPU
		{CCEF8571-EDBB-40CF-B393-CE6D12469B49}.CS2 Steam|Any CPU.ActiveCfg = CS2 Steam|Any CPU
		{CCEF8571-EDBB-40CF-B393-CE6D12469B49}.Debug|Any CPU.ActiveCfg = CS2 Debug|Any CPU
		{CCEF8571-EDBB-40CF-B393-CE6D12469B49}.Debug|Any CPU.Build.0 = CS2 Debug|Any CPU
		{CCEF8571-EDBB-40CF-B393-CE6D12469B49}.Release|Any CPU.ActiveCfg = CS2 Release|Any CPU
		{CCEF8571-EDBB-40CF-B393-CE6D12469B49}.Release|Any CPU.Build.0 = CS2 Release|Any CPU
		{FD4C1283-14E0-4C87-AD25-EB8B059A35E8}.API Deploy|Any CPU.ActiveCfg = API Stable|Any CPU
		{FD4C1283-14E0-4C87-AD25-EB8B059A35E8}.API|Any CPU.ActiveCfg = API Debug|Any CPU
		{FD4C1283-14E0-4C87-AD25-EB8B059A35E8}.CS1 Debug|Any CPU.ActiveCfg = CS1 Debug|Any CPU
		{FD4C1283-14E0-4C87-AD25-EB8B059A35E8}.CS1 Debug|Any CPU.Build.0 = CS1 Debug|Any CPU
		{FD4C1283-14E0-4C87-AD25-EB8B059A35E8}.CS1 Release|Any CPU.ActiveCfg = CS1 Release|Any CPU
		{FD4C1283-14E0-4C87-AD25-EB8B059A35E8}.CS1 Release|Any CPU.Build.0 = CS1 Release|Any CPU
		{FD4C1283-14E0-4C87-AD25-EB8B059A35E8}.CS1 Stable|Any CPU.ActiveCfg = CS1 Stable|Any CPU
		{FD4C1283-14E0-4C87-AD25-EB8B059A35E8}.CS1 Stable|Any CPU.Build.0 = CS1 Stable|Any CPU
		{FD4C1283-14E0-4C87-AD25-EB8B059A35E8}.CS2 Debug|Any CPU.ActiveCfg = CS2 Debug|Any CPU
		{FD4C1283-14E0-4C87-AD25-EB8B059A35E8}.CS2 Release|Any CPU.ActiveCfg = CS2 Release|Any CPU
		{FD4C1283-14E0-4C87-AD25-EB8B059A35E8}.CS2 Stable|Any CPU.ActiveCfg = CS2 Stable|Any CPU
		{FD4C1283-14E0-4C87-AD25-EB8B059A35E8}.CS2 Steam|Any CPU.ActiveCfg = CS2 Steam|Any CPU
		{FD4C1283-14E0-4C87-AD25-EB8B059A35E8}.Debug|Any CPU.ActiveCfg = CS2 Debug|Any CPU
		{FD4C1283-14E0-4C87-AD25-EB8B059A35E8}.Debug|Any CPU.Build.0 = CS2 Debug|Any CPU
		{FD4C1283-14E0-4C87-AD25-EB8B059A35E8}.Release|Any CPU.ActiveCfg = CS2 Release|Any CPU
		{FD4C1283-14E0-4C87-AD25-EB8B059A35E8}.Release|Any CPU.Build.0 = CS2 Release|Any CPU
		{5924AC36-A9E7-4442-87D0-BB44AC3E76DB}.API Deploy|Any CPU.ActiveCfg = API Stable|Any CPU
		{5924AC36-A9E7-4442-87D0-BB44AC3E76DB}.API|Any CPU.ActiveCfg = API Debug|Any CPU
		{5924AC36-A9E7-4442-87D0-BB44AC3E76DB}.CS1 Debug|Any CPU.ActiveCfg = CS1 Debug|Any CPU
		{5924AC36-A9E7-4442-87D0-BB44AC3E76DB}.CS1 Debug|Any CPU.Build.0 = CS1 Debug|Any CPU
		{5924AC36-A9E7-4442-87D0-BB44AC3E76DB}.CS1 Release|Any CPU.ActiveCfg = CS1 Release|Any CPU
		{5924AC36-A9E7-4442-87D0-BB44AC3E76DB}.CS1 Release|Any CPU.Build.0 = CS1 Release|Any CPU
		{5924AC36-A9E7-4442-87D0-BB44AC3E76DB}.CS1 Stable|Any CPU.ActiveCfg = CS1 Stable|Any CPU
		{5924AC36-A9E7-4442-87D0-BB44AC3E76DB}.CS1 Stable|Any CPU.Build.0 = CS1 Stable|Any CPU
		{5924AC36-A9E7-4442-87D0-BB44AC3E76DB}.CS2 Debug|Any CPU.ActiveCfg = CS2 Debug|Any CPU
		{5924AC36-A9E7-4442-87D0-BB44AC3E76DB}.CS2 Release|Any CPU.ActiveCfg = CS2 Release|Any CPU
		{5924AC36-A9E7-4442-87D0-BB44AC3E76DB}.CS2 Stable|Any CPU.ActiveCfg = CS2 Stable|Any CPU
		{5924AC36-A9E7-4442-87D0-BB44AC3E76DB}.CS2 Steam|Any CPU.ActiveCfg = CS2 Steam|Any CPU
		{5924AC36-A9E7-4442-87D0-BB44AC3E76DB}.Debug|Any CPU.ActiveCfg = CS2 Debug|Any CPU
		{5924AC36-A9E7-4442-87D0-BB44AC3E76DB}.Debug|Any CPU.Build.0 = CS2 Debug|Any CPU
		{5924AC36-A9E7-4442-87D0-BB44AC3E76DB}.Release|Any CPU.ActiveCfg = CS2 Release|Any CPU
		{5924AC36-A9E7-4442-87D0-BB44AC3E76DB}.Release|Any CPU.Build.0 = CS2 Release|Any CPU
		{290A11D1-7A20-4AA9-A5BD-DA8C4A60155C}.API Deploy|Any CPU.ActiveCfg = API Stable|Any CPU
		{290A11D1-7A20-4AA9-A5BD-DA8C4A60155C}.API|Any CPU.ActiveCfg = API Debug|Any CPU
		{290A11D1-7A20-4AA9-A5BD-DA8C4A60155C}.CS1 Debug|Any CPU.ActiveCfg = CS1 Debug|Any CPU
		{290A11D1-7A20-4AA9-A5BD-DA8C4A60155C}.CS1 Debug|Any CPU.Build.0 = CS1 Debug|Any CPU
		{290A11D1-7A20-4AA9-A5BD-DA8C4A60155C}.CS1 Release|Any CPU.ActiveCfg = CS1 Release|Any CPU
		{290A11D1-7A20-4AA9-A5BD-DA8C4A60155C}.CS1 Release|Any CPU.Build.0 = CS1 Release|Any CPU
		{290A11D1-7A20-4AA9-A5BD-DA8C4A60155C}.CS1 Stable|Any CPU.ActiveCfg = CS1 Stable|Any CPU
		{290A11D1-7A20-4AA9-A5BD-DA8C4A60155C}.CS1 Stable|Any CPU.Build.0 = CS1 Stable|Any CPU
		{290A11D1-7A20-4AA9-A5BD-DA8C4A60155C}.CS2 Debug|Any CPU.ActiveCfg = CS2 Debug|Any CPU
		{290A11D1-7A20-4AA9-A5BD-DA8C4A60155C}.CS2 Release|Any CPU.ActiveCfg = CS2 Release|Any CPU
		{290A11D1-7A20-4AA9-A5BD-DA8C4A60155C}.CS2 Stable|Any CPU.ActiveCfg = CS2 Stable|Any CPU
		{290A11D1-7A20-4AA9-A5BD-DA8C4A60155C}.CS2 Steam|Any CPU.ActiveCfg = CS2 Steam|Any CPU
		{290A11D1-7A20-4AA9-A5BD-DA8C4A60155C}.Debug|Any CPU.ActiveCfg = CS2 Debug|Any CPU
		{290A11D1-7A20-4AA9-A5BD-DA8C4A60155C}.Debug|Any CPU.Build.0 = CS2 Debug|Any CPU
		{290A11D1-7A20-4AA9-A5BD-DA8C4A60155C}.Release|Any CPU.ActiveCfg = CS2 Release|Any CPU
		{290A11D1-7A20-4AA9-A5BD-DA8C4A60155C}.Release|Any CPU.Build.0 = CS2 Release|Any CPU
		{00D6D8F2-A392-4E8D-870A-775193BEB042}.API Deploy|Any CPU.ActiveCfg = CS2 Stable|Any CPU
		{00D6D8F2-A392-4E8D-870A-775193BEB042}.API|Any CPU.ActiveCfg = CS2 Stable|Any CPU
		{00D6D8F2-A392-4E8D-870A-775193BEB042}.CS1 Debug|Any CPU.ActiveCfg = CS1 Debug|Any CPU
		{00D6D8F2-A392-4E8D-870A-775193BEB042}.CS1 Debug|Any CPU.Build.0 = CS1 Debug|Any CPU
		{00D6D8F2-A392-4E8D-870A-775193BEB042}.CS1 Release|Any CPU.ActiveCfg = CS1 Release|Any CPU
		{00D6D8F2-A392-4E8D-870A-775193BEB042}.CS1 Release|Any CPU.Build.0 = CS1 Release|Any CPU
		{00D6D8F2-A392-4E8D-870A-775193BEB042}.CS1 Stable|Any CPU.ActiveCfg = CS1 Stable|Any CPU
		{00D6D8F2-A392-4E8D-870A-775193BEB042}.CS1 Stable|Any CPU.Build.0 = CS1 Stable|Any CPU
		{00D6D8F2-A392-4E8D-870A-775193BEB042}.CS2 Debug|Any CPU.ActiveCfg = CS2 Debug|Any CPU
		{00D6D8F2-A392-4E8D-870A-775193BEB042}.CS2 Debug|Any CPU.Build.0 = CS2 Debug|Any CPU
		{00D6D8F2-A392-4E8D-870A-775193BEB042}.CS2 Release|Any CPU.ActiveCfg = CS2 Release|Any CPU
		{00D6D8F2-A392-4E8D-870A-775193BEB042}.CS2 Release|Any CPU.Build.0 = CS2 Release|Any CPU
		{00D6D8F2-A392-4E8D-870A-775193BEB042}.CS2 Stable|Any CPU.ActiveCfg = CS2 Stable|Any CPU
		{00D6D8F2-A392-4E8D-870A-775193BEB042}.CS2 Stable|Any CPU.Build.0 = CS2 Stable|Any CPU
		{00D6D8F2-A392-4E8D-870A-775193BEB042}.CS2 Steam|Any CPU.ActiveCfg = CS2 Stable|Any CPU
		{00D6D8F2-A392-4E8D-870A-775193BEB042}.Debug|Any CPU.ActiveCfg = Debug|x86
		{00D6D8F2-A392-4E8D-870A-775193BEB042}.Debug|Any CPU.Build.0 = Debug|x86
		{00D6D8F2-A392-4E8D-870A-775193BEB042}.Release|Any CPU.ActiveCfg = CS2 Release|Any CPU
		{00D6D8F2-A392-4E8D-870A-775193BEB042}.Release|Any CPU.Build.0 = CS2 Release|Any CPU
		{D53683FD-127F-40D9-9CCE-ACCFA981B180}.API Deploy|Any CPU.ActiveCfg = API Stable|Any CPU
		{D53683FD-127F-40D9-9CCE-ACCFA981B180}.API|Any CPU.ActiveCfg = API Debug|Any CPU
		{D53683FD-127F-40D9-9CCE-ACCFA981B180}.CS1 Debug|Any CPU.ActiveCfg = CS1 Debug|Any CPU
		{D53683FD-127F-40D9-9CCE-ACCFA981B180}.CS1 Release|Any CPU.ActiveCfg = CS1 Release|Any CPU
		{D53683FD-127F-40D9-9CCE-ACCFA981B180}.CS1 Stable|Any CPU.ActiveCfg = CS1 Stable|Any CPU
		{D53683FD-127F-40D9-9CCE-ACCFA981B180}.CS2 Debug|Any CPU.ActiveCfg = CS2 Debug|Any CPU
		{D53683FD-127F-40D9-9CCE-ACCFA981B180}.CS2 Debug|Any CPU.Build.0 = CS2 Debug|Any CPU
		{D53683FD-127F-40D9-9CCE-ACCFA981B180}.CS2 Release|Any CPU.ActiveCfg = CS2 Release|Any CPU
		{D53683FD-127F-40D9-9CCE-ACCFA981B180}.CS2 Release|Any CPU.Build.0 = CS2 Release|Any CPU
		{D53683FD-127F-40D9-9CCE-ACCFA981B180}.CS2 Stable|Any CPU.ActiveCfg = CS2 Stable|Any CPU
		{D53683FD-127F-40D9-9CCE-ACCFA981B180}.CS2 Stable|Any CPU.Build.0 = CS2 Stable|Any CPU
		{D53683FD-127F-40D9-9CCE-ACCFA981B180}.CS2 Steam|Any CPU.ActiveCfg = CS2 Steam|Any CPU
		{D53683FD-127F-40D9-9CCE-ACCFA981B180}.CS2 Steam|Any CPU.Build.0 = CS2 Steam|Any CPU
		{D53683FD-127F-40D9-9CCE-ACCFA981B180}.Debug|Any CPU.ActiveCfg = CS2 Debug|Any CPU
		{D53683FD-127F-40D9-9CCE-ACCFA981B180}.Debug|Any CPU.Build.0 = CS2 Debug|Any CPU
		{D53683FD-127F-40D9-9CCE-ACCFA981B180}.Release|Any CPU.ActiveCfg = CS2 Release|Any CPU
		{D53683FD-127F-40D9-9CCE-ACCFA981B180}.Release|Any CPU.Build.0 = CS2 Release|Any CPU
		{71383004-4608-47EF-ACD2-0F4FD3CC5574}.API Deploy|Any CPU.ActiveCfg = API Stable|Any CPU
		{71383004-4608-47EF-ACD2-0F4FD3CC5574}.API Deploy|Any CPU.Build.0 = API Stable|Any CPU
		{71383004-4608-47EF-ACD2-0F4FD3CC5574}.API|Any CPU.ActiveCfg = API Debug|Any CPU
		{71383004-4608-47EF-ACD2-0F4FD3CC5574}.API|Any CPU.Build.0 = API Debug|Any CPU
		{71383004-4608-47EF-ACD2-0F4FD3CC5574}.CS1 Debug|Any CPU.ActiveCfg = Debug|Any CPU
		{71383004-4608-47EF-ACD2-0F4FD3CC5574}.CS1 Release|Any CPU.ActiveCfg = Release|Any CPU
		{71383004-4608-47EF-ACD2-0F4FD3CC5574}.CS1 Stable|Any CPU.ActiveCfg = Release|Any CPU
		{71383004-4608-47EF-ACD2-0F4FD3CC5574}.CS2 Debug|Any CPU.ActiveCfg = CS2 Debug|Any CPU
		{71383004-4608-47EF-ACD2-0F4FD3CC5574}.CS2 Release|Any CPU.ActiveCfg = CS2 Release|Any CPU
		{71383004-4608-47EF-ACD2-0F4FD3CC5574}.CS2 Stable|Any CPU.ActiveCfg = CS2 Stable|Any CPU
		{71383004-4608-47EF-ACD2-0F4FD3CC5574}.CS2 Steam|Any CPU.ActiveCfg = CS2 Steam|Any CPU
		{71383004-4608-47EF-ACD2-0F4FD3CC5574}.Debug|Any CPU.ActiveCfg = Debug|Any CPU
		{71383004-4608-47EF-ACD2-0F4FD3CC5574}.Debug|Any CPU.Build.0 = Debug|Any CPU
		{71383004-4608-47EF-ACD2-0F4FD3CC5574}.Release|Any CPU.ActiveCfg = Release|Any CPU
		{71383004-4608-47EF-ACD2-0F4FD3CC5574}.Release|Any CPU.Build.0 = Release|Any CPU
		{37C79A85-745D-46F4-B93D-52392EC59822}.API Deploy|Any CPU.ActiveCfg = API Stable|Any CPU
		{37C79A85-745D-46F4-B93D-52392EC59822}.API Deploy|Any CPU.Build.0 = API Stable|Any CPU
		{37C79A85-745D-46F4-B93D-52392EC59822}.API|Any CPU.ActiveCfg = API Debug|Any CPU
		{37C79A85-745D-46F4-B93D-52392EC59822}.API|Any CPU.Build.0 = API Debug|Any CPU
		{37C79A85-745D-46F4-B93D-52392EC59822}.CS1 Debug|Any CPU.ActiveCfg = CS1 Debug|Any CPU
		{37C79A85-745D-46F4-B93D-52392EC59822}.CS1 Debug|Any CPU.Build.0 = CS1 Debug|Any CPU
		{37C79A85-745D-46F4-B93D-52392EC59822}.CS1 Release|Any CPU.ActiveCfg = CS1 Release|Any CPU
		{37C79A85-745D-46F4-B93D-52392EC59822}.CS1 Release|Any CPU.Build.0 = CS1 Release|Any CPU
		{37C79A85-745D-46F4-B93D-52392EC59822}.CS1 Stable|Any CPU.ActiveCfg = CS1 Stable|Any CPU
		{37C79A85-745D-46F4-B93D-52392EC59822}.CS1 Stable|Any CPU.Build.0 = CS1 Stable|Any CPU
		{37C79A85-745D-46F4-B93D-52392EC59822}.CS2 Debug|Any CPU.ActiveCfg = CS2 Debug|Any CPU
		{37C79A85-745D-46F4-B93D-52392EC59822}.CS2 Debug|Any CPU.Build.0 = CS2 Debug|Any CPU
		{37C79A85-745D-46F4-B93D-52392EC59822}.CS2 Release|Any CPU.ActiveCfg = CS2 Release|Any CPU
		{37C79A85-745D-46F4-B93D-52392EC59822}.CS2 Release|Any CPU.Build.0 = CS2 Release|Any CPU
		{37C79A85-745D-46F4-B93D-52392EC59822}.CS2 Stable|Any CPU.ActiveCfg = CS2 Stable|Any CPU
		{37C79A85-745D-46F4-B93D-52392EC59822}.CS2 Stable|Any CPU.Build.0 = CS2 Stable|Any CPU
		{37C79A85-745D-46F4-B93D-52392EC59822}.CS2 Steam|Any CPU.ActiveCfg = CS2 Steam|Any CPU
		{37C79A85-745D-46F4-B93D-52392EC59822}.CS2 Steam|Any CPU.Build.0 = CS2 Steam|Any CPU
		{37C79A85-745D-46F4-B93D-52392EC59822}.Debug|Any CPU.ActiveCfg = CS2 Debug|Any CPU
		{37C79A85-745D-46F4-B93D-52392EC59822}.Debug|Any CPU.Build.0 = CS2 Debug|Any CPU
		{37C79A85-745D-46F4-B93D-52392EC59822}.Release|Any CPU.ActiveCfg = CS2 Release|Any CPU
		{37C79A85-745D-46F4-B93D-52392EC59822}.Release|Any CPU.Build.0 = CS2 Release|Any CPU
		{E6B86E9F-B8A9-4A89-A09F-B9BAAAAF3896}.API Deploy|Any CPU.ActiveCfg = API Stable|Any CPU
		{E6B86E9F-B8A9-4A89-A09F-B9BAAAAF3896}.API Deploy|Any CPU.Build.0 = API Stable|Any CPU
		{E6B86E9F-B8A9-4A89-A09F-B9BAAAAF3896}.API|Any CPU.ActiveCfg = API Debug|Any CPU
		{E6B86E9F-B8A9-4A89-A09F-B9BAAAAF3896}.API|Any CPU.Build.0 = API Debug|Any CPU
		{E6B86E9F-B8A9-4A89-A09F-B9BAAAAF3896}.CS1 Debug|Any CPU.ActiveCfg = CS1 Debug|Any CPU
		{E6B86E9F-B8A9-4A89-A09F-B9BAAAAF3896}.CS1 Debug|Any CPU.Build.0 = CS1 Debug|Any CPU
		{E6B86E9F-B8A9-4A89-A09F-B9BAAAAF3896}.CS1 Release|Any CPU.ActiveCfg = CS1 Release|Any CPU
		{E6B86E9F-B8A9-4A89-A09F-B9BAAAAF3896}.CS1 Release|Any CPU.Build.0 = CS1 Release|Any CPU
		{E6B86E9F-B8A9-4A89-A09F-B9BAAAAF3896}.CS1 Stable|Any CPU.ActiveCfg = CS1 Stable|Any CPU
		{E6B86E9F-B8A9-4A89-A09F-B9BAAAAF3896}.CS1 Stable|Any CPU.Build.0 = CS1 Stable|Any CPU
		{E6B86E9F-B8A9-4A89-A09F-B9BAAAAF3896}.CS2 Debug|Any CPU.ActiveCfg = CS2 Debug|Any CPU
		{E6B86E9F-B8A9-4A89-A09F-B9BAAAAF3896}.CS2 Debug|Any CPU.Build.0 = CS2 Debug|Any CPU
		{E6B86E9F-B8A9-4A89-A09F-B9BAAAAF3896}.CS2 Release|Any CPU.ActiveCfg = CS2 Release|Any CPU
		{E6B86E9F-B8A9-4A89-A09F-B9BAAAAF3896}.CS2 Release|Any CPU.Build.0 = CS2 Release|Any CPU
		{E6B86E9F-B8A9-4A89-A09F-B9BAAAAF3896}.CS2 Stable|Any CPU.ActiveCfg = CS2 Stable|Any CPU
		{E6B86E9F-B8A9-4A89-A09F-B9BAAAAF3896}.CS2 Stable|Any CPU.Build.0 = CS2 Stable|Any CPU
		{E6B86E9F-B8A9-4A89-A09F-B9BAAAAF3896}.CS2 Steam|Any CPU.ActiveCfg = CS2 Steam|Any CPU
		{E6B86E9F-B8A9-4A89-A09F-B9BAAAAF3896}.CS2 Steam|Any CPU.Build.0 = CS2 Steam|Any CPU
		{E6B86E9F-B8A9-4A89-A09F-B9BAAAAF3896}.Debug|Any CPU.ActiveCfg = CS2 Debug|Any CPU
		{E6B86E9F-B8A9-4A89-A09F-B9BAAAAF3896}.Debug|Any CPU.Build.0 = CS2 Debug|Any CPU
		{E6B86E9F-B8A9-4A89-A09F-B9BAAAAF3896}.Release|Any CPU.ActiveCfg = CS2 Release|Any CPU
		{E6B86E9F-B8A9-4A89-A09F-B9BAAAAF3896}.Release|Any CPU.Build.0 = CS2 Release|Any CPU
		{F8A37FAA-86E0-4FB6-B034-36ACEA12EC19}.API Deploy|Any CPU.ActiveCfg = API Stable|Any CPU
		{F8A37FAA-86E0-4FB6-B034-36ACEA12EC19}.API|Any CPU.ActiveCfg = API Debug|Any CPU
		{F8A37FAA-86E0-4FB6-B034-36ACEA12EC19}.CS1 Debug|Any CPU.ActiveCfg = Debug|Any CPU
		{F8A37FAA-86E0-4FB6-B034-36ACEA12EC19}.CS1 Release|Any CPU.ActiveCfg = CS1 Release|Any CPU
		{F8A37FAA-86E0-4FB6-B034-36ACEA12EC19}.CS1 Stable|Any CPU.ActiveCfg = CS1 Stable|Any CPU
		{F8A37FAA-86E0-4FB6-B034-36ACEA12EC19}.CS2 Debug|Any CPU.ActiveCfg = CS2 Debug|Any CPU
		{F8A37FAA-86E0-4FB6-B034-36ACEA12EC19}.CS2 Debug|Any CPU.Build.0 = CS2 Debug|Any CPU
		{F8A37FAA-86E0-4FB6-B034-36ACEA12EC19}.CS2 Release|Any CPU.ActiveCfg = CS2 Release|Any CPU
		{F8A37FAA-86E0-4FB6-B034-36ACEA12EC19}.CS2 Release|Any CPU.Build.0 = CS2 Release|Any CPU
		{F8A37FAA-86E0-4FB6-B034-36ACEA12EC19}.CS2 Stable|Any CPU.ActiveCfg = CS2 Stable|Any CPU
		{F8A37FAA-86E0-4FB6-B034-36ACEA12EC19}.CS2 Stable|Any CPU.Build.0 = CS2 Stable|Any CPU
		{F8A37FAA-86E0-4FB6-B034-36ACEA12EC19}.CS2 Steam|Any CPU.ActiveCfg = CS2 Steam|Any CPU
		{F8A37FAA-86E0-4FB6-B034-36ACEA12EC19}.CS2 Steam|Any CPU.Build.0 = CS2 Steam|Any CPU
		{F8A37FAA-86E0-4FB6-B034-36ACEA12EC19}.Debug|Any CPU.ActiveCfg = Debug|Any CPU
		{F8A37FAA-86E0-4FB6-B034-36ACEA12EC19}.Debug|Any CPU.Build.0 = Debug|Any CPU
		{F8A37FAA-86E0-4FB6-B034-36ACEA12EC19}.Release|Any CPU.ActiveCfg = CS2 Release|Any CPU
		{F8A37FAA-86E0-4FB6-B034-36ACEA12EC19}.Release|Any CPU.Build.0 = CS2 Release|Any CPU
		{B991003B-BAF4-3AAA-7E3B-AC48B4B4B4B2}.API Deploy|Any CPU.ActiveCfg = Release|Any CPU
		{B991003B-BAF4-3AAA-7E3B-AC48B4B4B4B2}.API Deploy|Any CPU.Build.0 = Release|Any CPU
		{B991003B-BAF4-3AAA-7E3B-AC48B4B4B4B2}.API|Any CPU.ActiveCfg = Debug|Any CPU
		{B991003B-BAF4-3AAA-7E3B-AC48B4B4B4B2}.API|Any CPU.Build.0 = Debug|Any CPU
		{B991003B-BAF4-3AAA-7E3B-AC48B4B4B4B2}.CS1 Debug|Any CPU.ActiveCfg = Release|Any CPU
		{B991003B-BAF4-3AAA-7E3B-AC48B4B4B4B2}.CS1 Debug|Any CPU.Build.0 = Release|Any CPU
		{B991003B-BAF4-3AAA-7E3B-AC48B4B4B4B2}.CS1 Release|Any CPU.ActiveCfg = Release|Any CPU
		{B991003B-BAF4-3AAA-7E3B-AC48B4B4B4B2}.CS1 Release|Any CPU.Build.0 = Release|Any CPU
		{B991003B-BAF4-3AAA-7E3B-AC48B4B4B4B2}.CS1 Stable|Any CPU.ActiveCfg = Release|Any CPU
		{B991003B-BAF4-3AAA-7E3B-AC48B4B4B4B2}.CS1 Stable|Any CPU.Build.0 = Release|Any CPU
		{B991003B-BAF4-3AAA-7E3B-AC48B4B4B4B2}.CS2 Debug|Any CPU.ActiveCfg = Debug|Any CPU
		{B991003B-BAF4-3AAA-7E3B-AC48B4B4B4B2}.CS2 Debug|Any CPU.Build.0 = Debug|Any CPU
		{B991003B-BAF4-3AAA-7E3B-AC48B4B4B4B2}.CS2 Release|Any CPU.ActiveCfg = Release|Any CPU
		{B991003B-BAF4-3AAA-7E3B-AC48B4B4B4B2}.CS2 Release|Any CPU.Build.0 = Release|Any CPU
		{B991003B-BAF4-3AAA-7E3B-AC48B4B4B4B2}.CS2 Stable|Any CPU.ActiveCfg = Release|Any CPU
		{B991003B-BAF4-3AAA-7E3B-AC48B4B4B4B2}.CS2 Stable|Any CPU.Build.0 = Release|Any CPU
		{B991003B-BAF4-3AAA-7E3B-AC48B4B4B4B2}.CS2 Steam|Any CPU.ActiveCfg = Release|Any CPU
		{B991003B-BAF4-3AAA-7E3B-AC48B4B4B4B2}.CS2 Steam|Any CPU.Build.0 = Release|Any CPU
		{B991003B-BAF4-3AAA-7E3B-AC48B4B4B4B2}.Debug|Any CPU.ActiveCfg = Debug|Any CPU
		{B991003B-BAF4-3AAA-7E3B-AC48B4B4B4B2}.Debug|Any CPU.Build.0 = Debug|Any CPU
		{B991003B-BAF4-3AAA-7E3B-AC48B4B4B4B2}.Release|Any CPU.ActiveCfg = Release|Any CPU
		{B991003B-BAF4-3AAA-7E3B-AC48B4B4B4B2}.Release|Any CPU.Build.0 = Release|Any CPU
		{D0D95A8A-7CFD-A686-4BDB-15AE32F44C68}.API Deploy|Any CPU.ActiveCfg = Release|Any CPU
		{D0D95A8A-7CFD-A686-4BDB-15AE32F44C68}.API Deploy|Any CPU.Build.0 = Release|Any CPU
		{D0D95A8A-7CFD-A686-4BDB-15AE32F44C68}.API|Any CPU.ActiveCfg = Debug|Any CPU
		{D0D95A8A-7CFD-A686-4BDB-15AE32F44C68}.API|Any CPU.Build.0 = Debug|Any CPU
		{D0D95A8A-7CFD-A686-4BDB-15AE32F44C68}.CS1 Debug|Any CPU.ActiveCfg = Release|Any CPU
		{D0D95A8A-7CFD-A686-4BDB-15AE32F44C68}.CS1 Debug|Any CPU.Build.0 = Release|Any CPU
		{D0D95A8A-7CFD-A686-4BDB-15AE32F44C68}.CS1 Release|Any CPU.ActiveCfg = Release|Any CPU
		{D0D95A8A-7CFD-A686-4BDB-15AE32F44C68}.CS1 Release|Any CPU.Build.0 = Release|Any CPU
		{D0D95A8A-7CFD-A686-4BDB-15AE32F44C68}.CS1 Stable|Any CPU.ActiveCfg = Release|Any CPU
		{D0D95A8A-7CFD-A686-4BDB-15AE32F44C68}.CS1 Stable|Any CPU.Build.0 = Release|Any CPU
		{D0D95A8A-7CFD-A686-4BDB-15AE32F44C68}.CS2 Debug|Any CPU.ActiveCfg = Debug|Any CPU
		{D0D95A8A-7CFD-A686-4BDB-15AE32F44C68}.CS2 Debug|Any CPU.Build.0 = Debug|Any CPU
		{D0D95A8A-7CFD-A686-4BDB-15AE32F44C68}.CS2 Release|Any CPU.ActiveCfg = Release|Any CPU
		{D0D95A8A-7CFD-A686-4BDB-15AE32F44C68}.CS2 Release|Any CPU.Build.0 = Release|Any CPU
		{D0D95A8A-7CFD-A686-4BDB-15AE32F44C68}.CS2 Stable|Any CPU.ActiveCfg = Release|Any CPU
		{D0D95A8A-7CFD-A686-4BDB-15AE32F44C68}.CS2 Stable|Any CPU.Build.0 = Release|Any CPU
		{D0D95A8A-7CFD-A686-4BDB-15AE32F44C68}.CS2 Steam|Any CPU.ActiveCfg = Release|Any CPU
		{D0D95A8A-7CFD-A686-4BDB-15AE32F44C68}.CS2 Steam|Any CPU.Build.0 = Release|Any CPU
		{D0D95A8A-7CFD-A686-4BDB-15AE32F44C68}.Debug|Any CPU.ActiveCfg = Debug|Any CPU
		{D0D95A8A-7CFD-A686-4BDB-15AE32F44C68}.Debug|Any CPU.Build.0 = Debug|Any CPU
		{D0D95A8A-7CFD-A686-4BDB-15AE32F44C68}.Release|Any CPU.ActiveCfg = Release|Any CPU
		{D0D95A8A-7CFD-A686-4BDB-15AE32F44C68}.Release|Any CPU.Build.0 = Release|Any CPU
		{F434E30D-B211-C1D0-AD14-38F2E1DDF85E}.API Deploy|Any CPU.ActiveCfg = Release|Any CPU
		{F434E30D-B211-C1D0-AD14-38F2E1DDF85E}.API Deploy|Any CPU.Build.0 = Release|Any CPU
		{F434E30D-B211-C1D0-AD14-38F2E1DDF85E}.API|Any CPU.ActiveCfg = Debug|Any CPU
		{F434E30D-B211-C1D0-AD14-38F2E1DDF85E}.API|Any CPU.Build.0 = Debug|Any CPU
		{F434E30D-B211-C1D0-AD14-38F2E1DDF85E}.CS1 Debug|Any CPU.ActiveCfg = Release|Any CPU
		{F434E30D-B211-C1D0-AD14-38F2E1DDF85E}.CS1 Debug|Any CPU.Build.0 = Release|Any CPU
		{F434E30D-B211-C1D0-AD14-38F2E1DDF85E}.CS1 Release|Any CPU.ActiveCfg = Release|Any CPU
		{F434E30D-B211-C1D0-AD14-38F2E1DDF85E}.CS1 Release|Any CPU.Build.0 = Release|Any CPU
		{F434E30D-B211-C1D0-AD14-38F2E1DDF85E}.CS1 Stable|Any CPU.ActiveCfg = Release|Any CPU
		{F434E30D-B211-C1D0-AD14-38F2E1DDF85E}.CS1 Stable|Any CPU.Build.0 = Release|Any CPU
		{F434E30D-B211-C1D0-AD14-38F2E1DDF85E}.CS2 Debug|Any CPU.ActiveCfg = Debug|Any CPU
		{F434E30D-B211-C1D0-AD14-38F2E1DDF85E}.CS2 Debug|Any CPU.Build.0 = Debug|Any CPU
		{F434E30D-B211-C1D0-AD14-38F2E1DDF85E}.CS2 Release|Any CPU.ActiveCfg = Release|Any CPU
		{F434E30D-B211-C1D0-AD14-38F2E1DDF85E}.CS2 Release|Any CPU.Build.0 = Release|Any CPU
		{F434E30D-B211-C1D0-AD14-38F2E1DDF85E}.CS2 Stable|Any CPU.ActiveCfg = Release|Any CPU
		{F434E30D-B211-C1D0-AD14-38F2E1DDF85E}.CS2 Stable|Any CPU.Build.0 = Release|Any CPU
		{F434E30D-B211-C1D0-AD14-38F2E1DDF85E}.CS2 Steam|Any CPU.ActiveCfg = Release|Any CPU
		{F434E30D-B211-C1D0-AD14-38F2E1DDF85E}.CS2 Steam|Any CPU.Build.0 = Release|Any CPU
		{F434E30D-B211-C1D0-AD14-38F2E1DDF85E}.Debug|Any CPU.ActiveCfg = Debug|Any CPU
		{F434E30D-B211-C1D0-AD14-38F2E1DDF85E}.Debug|Any CPU.Build.0 = Debug|Any CPU
		{F434E30D-B211-C1D0-AD14-38F2E1DDF85E}.Release|Any CPU.ActiveCfg = Release|Any CPU
		{F434E30D-B211-C1D0-AD14-38F2E1DDF85E}.Release|Any CPU.Build.0 = Release|Any CPU
		{F873E917-4B25-A2DB-496E-FB0F77F9301A}.API Deploy|Any CPU.ActiveCfg = Release|Any CPU
		{F873E917-4B25-A2DB-496E-FB0F77F9301A}.API Deploy|Any CPU.Build.0 = Release|Any CPU
		{F873E917-4B25-A2DB-496E-FB0F77F9301A}.API|Any CPU.ActiveCfg = Debug|Any CPU
		{F873E917-4B25-A2DB-496E-FB0F77F9301A}.API|Any CPU.Build.0 = Debug|Any CPU
		{F873E917-4B25-A2DB-496E-FB0F77F9301A}.CS1 Debug|Any CPU.ActiveCfg = Release|Any CPU
		{F873E917-4B25-A2DB-496E-FB0F77F9301A}.CS1 Debug|Any CPU.Build.0 = Release|Any CPU
		{F873E917-4B25-A2DB-496E-FB0F77F9301A}.CS1 Release|Any CPU.ActiveCfg = Release|Any CPU
		{F873E917-4B25-A2DB-496E-FB0F77F9301A}.CS1 Release|Any CPU.Build.0 = Release|Any CPU
		{F873E917-4B25-A2DB-496E-FB0F77F9301A}.CS1 Stable|Any CPU.ActiveCfg = Release|Any CPU
		{F873E917-4B25-A2DB-496E-FB0F77F9301A}.CS1 Stable|Any CPU.Build.0 = Release|Any CPU
		{F873E917-4B25-A2DB-496E-FB0F77F9301A}.CS2 Debug|Any CPU.ActiveCfg = Release|Any CPU
		{F873E917-4B25-A2DB-496E-FB0F77F9301A}.CS2 Debug|Any CPU.Build.0 = Release|Any CPU
		{F873E917-4B25-A2DB-496E-FB0F77F9301A}.CS2 Release|Any CPU.ActiveCfg = Release|Any CPU
		{F873E917-4B25-A2DB-496E-FB0F77F9301A}.CS2 Release|Any CPU.Build.0 = Release|Any CPU
		{F873E917-4B25-A2DB-496E-FB0F77F9301A}.CS2 Stable|Any CPU.ActiveCfg = Release|Any CPU
		{F873E917-4B25-A2DB-496E-FB0F77F9301A}.CS2 Stable|Any CPU.Build.0 = Release|Any CPU
		{F873E917-4B25-A2DB-496E-FB0F77F9301A}.CS2 Steam|Any CPU.ActiveCfg = Release|Any CPU
		{F873E917-4B25-A2DB-496E-FB0F77F9301A}.CS2 Steam|Any CPU.Build.0 = Release|Any CPU
		{F873E917-4B25-A2DB-496E-FB0F77F9301A}.Debug|Any CPU.ActiveCfg = Debug|Any CPU
		{F873E917-4B25-A2DB-496E-FB0F77F9301A}.Debug|Any CPU.Build.0 = Debug|Any CPU
		{F873E917-4B25-A2DB-496E-FB0F77F9301A}.Release|Any CPU.ActiveCfg = Release|Any CPU
		{F873E917-4B25-A2DB-496E-FB0F77F9301A}.Release|Any CPU.Build.0 = Release|Any CPU
	EndGlobalSection
	GlobalSection(SolutionProperties) = preSolution
		HideSolutionNode = FALSE
	EndGlobalSection
	GlobalSection(NestedProjects) = preSolution
		{ABB03609-79E2-41BA-AD76-39A64906DCDD} = {36F90310-EACD-4028-B3EE-5C5E766C530B}
		{0BBE911A-263C-4E57-A237-1311C2BB4D80} = {36F90310-EACD-4028-B3EE-5C5E766C530B}
		{A7049A03-718E-4C9D-8A25-A4DAEDC80B11} = {36F90310-EACD-4028-B3EE-5C5E766C530B}
		{191FE2C7-9C4E-4EB3-A477-9271DB409ADD} = {0161B4B2-9990-4303-B1B6-C1F75A4E3F1B}
		{13767EC2-21A3-49AB-8D9C-0230BC0DDCE8} = {0161B4B2-9990-4303-B1B6-C1F75A4E3F1B}
		{FE5B456D-D146-4D5A-8C93-D46050C85F13} = {0161B4B2-9990-4303-B1B6-C1F75A4E3F1B}
		{4F47762D-B565-4126-B4A3-E9DE00CFC942} = {0161B4B2-9990-4303-B1B6-C1F75A4E3F1B}
		{81D2EF87-21FB-4CF1-9CD6-1A05A3F510F4} = {DD92502D-64F6-4006-B3FE-E62878D123C4}
		{AF1F40B2-4AF3-44F5-AB8B-88E98F33C328} = {DD92502D-64F6-4006-B3FE-E62878D123C4}
		{CCEF8571-EDBB-40CF-B393-CE6D12469B49} = {DD92502D-64F6-4006-B3FE-E62878D123C4}
		{FD4C1283-14E0-4C87-AD25-EB8B059A35E8} = {DD92502D-64F6-4006-B3FE-E62878D123C4}
		{5924AC36-A9E7-4442-87D0-BB44AC3E76DB} = {DD92502D-64F6-4006-B3FE-E62878D123C4}
		{290A11D1-7A20-4AA9-A5BD-DA8C4A60155C} = {DD92502D-64F6-4006-B3FE-E62878D123C4}
		{00D6D8F2-A392-4E8D-870A-775193BEB042} = {36F90310-EACD-4028-B3EE-5C5E766C530B}
		{D53683FD-127F-40D9-9CCE-ACCFA981B180} = {0161B4B2-9990-4303-B1B6-C1F75A4E3F1B}
		{71383004-4608-47EF-ACD2-0F4FD3CC5574} = {AD05B375-E937-4CC5-8698-E0AEAB853F67}
		{37C79A85-745D-46F4-B93D-52392EC59822} = {AD05B375-E937-4CC5-8698-E0AEAB853F67}
		{E6B86E9F-B8A9-4A89-A09F-B9BAAAAF3896} = {36F90310-EACD-4028-B3EE-5C5E766C530B}
		{F8A37FAA-86E0-4FB6-B034-36ACEA12EC19} = {0161B4B2-9990-4303-B1B6-C1F75A4E3F1B}
		{B991003B-BAF4-3AAA-7E3B-AC48B4B4B4B2} = {02EA681E-C7D8-13C7-8484-4AC65E1B71E8}
		{D0D95A8A-7CFD-A686-4BDB-15AE32F44C68} = {02EA681E-C7D8-13C7-8484-4AC65E1B71E8}
		{F434E30D-B211-C1D0-AD14-38F2E1DDF85E} = {02EA681E-C7D8-13C7-8484-4AC65E1B71E8}
		{F873E917-4B25-A2DB-496E-FB0F77F9301A} = {02EA681E-C7D8-13C7-8484-4AC65E1B71E8}
	EndGlobalSection
	GlobalSection(ExtensibilityGlobals) = postSolution
		SolutionGuid = {E8BD5477-8A30-4573-983C-3D47F3CE2C8A}
	EndGlobalSection
	GlobalSection(SharedMSBuildProjectFiles) = preSolution
		..\Extensions\Extensions.Sql\Extensions.Sql.projitems*{37c79a85-745d-46f4-b93d-52392ec59822}*SharedItemsImports = 5
		..\Extensions\Extensions.Sql\Extensions.Sql.projitems*{f37ece4b-e1bb-4a75-97ba-fef60f98cf96}*SharedItemsImports = 13
	EndGlobalSection
EndGlobal
